
Microsoft Visual Studio Solution File, Format Version 12.00
# Visual Studio Version 17
VisualStudioVersion = 17.2.32630.192
MinimumVisualStudioVersion = 10.0.40219.1
Project("{FAE04EC0-301F-11D3-BF4B-00C04F79EFBC}") = "dotnet6-app", "dotnet6-app\dotnet6-app.csproj", "{3E417A97-3DC8-4363-942B-2116E8375F30}"
EndProject
Global
	GlobalSection(SolutionConfigurationPlatforms) = preSolution
		Debug|Any CPU = Debug|Any CPU
		Release|Any CPU = Release|Any CPU
	EndGlobalSection
	GlobalSection(ProjectConfigurationPlatforms) = postSolution
		{3E417A97-3DC8-4363-942B-2116E8375F30}.Debug|Any CPU.ActiveCfg = Debug|Any CPU
		{3E417A97-3DC8-4363-942B-2116E8375F30}.Debug|Any CPU.Build.0 = Debug|Any CPU
		{3E417A97-3DC8-4363-942B-2116E8375F30}.Release|Any CPU.ActiveCfg = Release|Any CPU
		{3E417A97-3DC8-4363-942B-2116E8375F30}.Release|Any CPU.Build.0 = Release|Any CPU
	EndGlobalSection
	GlobalSection(SolutionProperties) = preSolution
		HideSolutionNode = FALSE
	EndGlobalSection
	GlobalSection(ExtensibilityGlobals) = postSolution
		SolutionGuid = {BBCD8D72-1151-4914-BFB5-8BB5F303E716}
	EndGlobalSection
EndGlobal
